// !$*UTF8*$!
{
	archiveVersion = 1;
	classes = {
	};
	objectVersion = 46;
	objects = {

/* Begin PBXBuildFile section */
		7F3100FB1A27943100328052 /* Study_Class_Main.cpp in Sources */ = {isa = PBXBuildFile; fileRef = 7F3100FA1A27943100328052 /* Study_Class_Main.cpp */; };
		7F3101031A27948700328052 /* Test.cpp in Sources */ = {isa = PBXBuildFile; fileRef = 7F3101011A27948700328052 /* Test.cpp */; };
		7F6F07391A39BDBB00AD0643 /* Class_Objects.cpp in Sources */ = {isa = PBXBuildFile; fileRef = 7F6F07291A39BDBB00AD0643 /* Class_Objects.cpp */; };
		7F6F073A1A39BDBB00AD0643 /* ConstRef.cpp in Sources */ = {isa = PBXBuildFile; fileRef = 7F6F072B1A39BDBB00AD0643 /* ConstRef.cpp */; };
		7F6F073B1A39BDBB00AD0643 /* misc.cpp in Sources */ = {isa = PBXBuildFile; fileRef = 7F6F072D1A39BDBB00AD0643 /* misc.cpp */; };
		7F6F073C1A39BDBB00AD0643 /* Record.cpp in Sources */ = {isa = PBXBuildFile; fileRef = 7F6F072F1A39BDBB00AD0643 /* Record.cpp */; };
		7F6F073D1A39BDBB00AD0643 /* Sales_item.cpp in Sources */ = {isa = PBXBuildFile; fileRef = 7F6F07311A39BDBB00AD0643 /* Sales_item.cpp */; };
		7F6F073E1A39BDBB00AD0643 /* Screen.cpp in Sources */ = {isa = PBXBuildFile; fileRef = 7F6F07331A39BDBB00AD0643 /* Screen.cpp */; };
		7F6F073F1A39BDBB00AD0643 /* Test_Classes.cpp in Sources */ = {isa = PBXBuildFile; fileRef = 7F6F07351A39BDBB00AD0643 /* Test_Classes.cpp */; };
		7F6F07401A39BDBB00AD0643 /* Window_Mgr.cpp in Sources */ = {isa = PBXBuildFile; fileRef = 7F6F07371A39BDBB00AD0643 /* Window_Mgr.cpp */; };
		7F6F07461A39BDEF00AD0643 /* Access_Static_Member.cpp in Sources */ = {isa = PBXBuildFile; fileRef = 7F6F07421A39BDEF00AD0643 /* Access_Static_Member.cpp */; };
		7F6F07471A39BDEF00AD0643 /* Static_Class_member.cpp in Sources */ = {isa = PBXBuildFile; fileRef = 7F6F07441A39BDEF00AD0643 /* Static_Class_member.cpp */; };
		7FE8F42C1A28F4C8003BFECF /* Makefile in Sources */ = {isa = PBXBuildFile; fileRef = 7FE8F42B1A28F4C8003BFECF /* Makefile */; };
/* End PBXBuildFile section */

/* Begin PBXCopyFilesBuildPhase section */
		7F3100F51A27943100328052 /* CopyFiles */ = {
			isa = PBXCopyFilesBuildPhase;
			buildActionMask = 2147483647;
			dstPath = /usr/share/man/man1/;
			dstSubfolderSpec = 0;
			files = (
			);
			runOnlyForDeploymentPostprocessing = 1;
		};
/* End PBXCopyFilesBuildPhase section */

/* Begin PBXFileReference section */
		7F3100F71A27943100328052 /* Study_Class */ = {isa = PBXFileReference; explicitFileType = "compiled.mach-o.executable"; includeInIndex = 0; path = Study_Class; sourceTree = BUILT_PRODUCTS_DIR; };
		7F3100FA1A27943100328052 /* Study_Class_Main.cpp */ = {isa = PBXFileReference; lastKnownFileType = sourcecode.cpp.cpp; path = Study_Class_Main.cpp; sourceTree = "<group>"; };
		7F3101011A27948700328052 /* Test.cpp */ = {isa = PBXFileReference; fileEncoding = 4; lastKnownFileType = sourcecode.cpp.cpp; path = Test.cpp; sourceTree = "<group>"; };
		7F3101021A27948700328052 /* Test.h */ = {isa = PBXFileReference; fileEncoding = 4; lastKnownFileType = sourcecode.c.h; path = Test.h; sourceTree = "<group>"; };
		7F6F07291A39BDBB00AD0643 /* Class_Objects.cpp */ = {isa = PBXFileReference; fileEncoding = 4; lastKnownFileType = sourcecode.cpp.cpp; name = Class_Objects.cpp; path = Classes/Class_Objects.cpp; sourceTree = "<group>"; };
		7F6F072A1A39BDBB00AD0643 /* Class_Objects.h */ = {isa = PBXFileReference; fileEncoding = 4; lastKnownFileType = sourcecode.c.h; name = Class_Objects.h; path = Classes/Class_Objects.h; sourceTree = "<group>"; };
		7F6F072B1A39BDBB00AD0643 /* ConstRef.cpp */ = {isa = PBXFileReference; fileEncoding = 4; lastKnownFileType = sourcecode.cpp.cpp; name = ConstRef.cpp; path = Classes/ConstRef.cpp; sourceTree = "<group>"; };
		7F6F072C1A39BDBB00AD0643 /* ConstRef.h */ = {isa = PBXFileReference; fileEncoding = 4; lastKnownFileType = sourcecode.c.h; name = ConstRef.h; path = Classes/ConstRef.h; sourceTree = "<group>"; };
		7F6F072D1A39BDBB00AD0643 /* misc.cpp */ = {isa = PBXFileReference; fileEncoding = 4; lastKnownFileType = sourcecode.cpp.cpp; name = misc.cpp; path = Classes/misc.cpp; sourceTree = "<group>"; };
		7F6F072E1A39BDBB00AD0643 /* misc.h */ = {isa = PBXFileReference; fileEncoding = 4; lastKnownFileType = sourcecode.c.h; name = misc.h; path = Classes/misc.h; sourceTree = "<group>"; };
		7F6F072F1A39BDBB00AD0643 /* Record.cpp */ = {isa = PBXFileReference; fileEncoding = 4; lastKnownFileType = sourcecode.cpp.cpp; name = Record.cpp; path = Classes/Record.cpp; sourceTree = "<group>"; };
		7F6F07301A39BDBB00AD0643 /* Record.h */ = {isa = PBXFileReference; fileEncoding = 4; lastKnownFileType = sourcecode.c.h; name = Record.h; path = Classes/Record.h; sourceTree = "<group>"; };
		7F6F07311A39BDBB00AD0643 /* Sales_item.cpp */ = {isa = PBXFileReference; fileEncoding = 4; lastKnownFileType = sourcecode.cpp.cpp; name = Sales_item.cpp; path = Classes/Sales_item.cpp; sourceTree = "<group>"; };
		7F6F07321A39BDBB00AD0643 /* Sales_item.h */ = {isa = PBXFileReference; fileEncoding = 4; lastKnownFileType = sourcecode.c.h; name = Sales_item.h; path = Classes/Sales_item.h; sourceTree = "<group>"; };
		7F6F07331A39BDBB00AD0643 /* Screen.cpp */ = {isa = PBXFileReference; fileEncoding = 4; lastKnownFileType = sourcecode.cpp.cpp; name = Screen.cpp; path = Classes/Screen.cpp; sourceTree = "<group>"; };
		7F6F07341A39BDBB00AD0643 /* Screen.h */ = {isa = PBXFileReference; fileEncoding = 4; lastKnownFileType = sourcecode.c.h; name = Screen.h; path = Classes/Screen.h; sourceTree = "<group>"; };
		7F6F07351A39BDBB00AD0643 /* Test_Classes.cpp */ = {isa = PBXFileReference; fileEncoding = 4; lastKnownFileType = sourcecode.cpp.cpp; name = Test_Classes.cpp; path = Classes/Test_Classes.cpp; sourceTree = "<group>"; };
		7F6F07361A39BDBB00AD0643 /* Test_Classes.h */ = {isa = PBXFileReference; fileEncoding = 4; lastKnownFileType = sourcecode.c.h; name = Test_Classes.h; path = Classes/Test_Classes.h; sourceTree = "<group>"; };
		7F6F07371A39BDBB00AD0643 /* Window_Mgr.cpp */ = {isa = PBXFileReference; fileEncoding = 4; lastKnownFileType = sourcecode.cpp.cpp; name = Window_Mgr.cpp; path = Classes/Window_Mgr.cpp; sourceTree = "<group>"; };
		7F6F07381A39BDBB00AD0643 /* Window_Mgr.h */ = {isa = PBXFileReference; fileEncoding = 4; lastKnownFileType = sourcecode.c.h; name = Window_Mgr.h; path = Classes/Window_Mgr.h; sourceTree = "<group>"; };
		7F6F07421A39BDEF00AD0643 /* Access_Static_Member.cpp */ = {isa = PBXFileReference; fileEncoding = 4; lastKnownFileType = sourcecode.cpp.cpp; name = Access_Static_Member.cpp; path = Classes/Access_Static_Member/Access_Static_Member.cpp; sourceTree = "<group>"; };
		7F6F07431A39BDEF00AD0643 /* Access_Static_Member.h */ = {isa = PBXFileReference; fileEncoding = 4; lastKnownFileType = sourcecode.c.h; name = Access_Static_Member.h; path = Classes/Access_Static_Member/Access_Static_Member.h; sourceTree = "<group>"; };
		7F6F07441A39BDEF00AD0643 /* Static_Class_member.cpp */ = {isa = PBXFileReference; fileEncoding = 4; lastKnownFileType = sourcecode.cpp.cpp; name = Static_Class_member.cpp; path = Classes/Access_Static_Member/Static_Class_member.cpp; sourceTree = "<group>"; };
		7F6F07451A39BDEF00AD0643 /* Static_Class_Member.h */ = {isa = PBXFileReference; fileEncoding = 4; lastKnownFileType = sourcecode.c.h; name = Static_Class_Member.h; path = Classes/Access_Static_Member/Static_Class_Member.h; sourceTree = "<group>"; };
		7FE8F42B1A28F4C8003BFECF /* Makefile */ = {isa = PBXFileReference; fileEncoding = 4; lastKnownFileType = sourcecode.make; path = Makefile; sourceTree = "<group>"; };
/* End PBXFileReference section */

/* Begin PBXFrameworksBuildPhase section */
		7F3100F41A27943100328052 /* Frameworks */ = {
			isa = PBXFrameworksBuildPhase;
			buildActionMask = 2147483647;
			files = (
			);
			runOnlyForDeploymentPostprocessing = 0;
		};
/* End PBXFrameworksBuildPhase section */

/* Begin PBXGroup section */
		7F3100EE1A27943100328052 = {
			isa = PBXGroup;
			children = (
				7F3100F91A27943100328052 /* Study_Class */,
				7F3100F81A27943100328052 /* Products */,
			);
			sourceTree = "<group>";
		};
		7F3100F81A27943100328052 /* Products */ = {
			isa = PBXGroup;
			children = (
				7F3100F71A27943100328052 /* Study_Class */,
			);
			name = Products;
			sourceTree = "<group>";
		};
		7F3100F91A27943100328052 /* Study_Class */ = {
			isa = PBXGroup;
			children = (
				7F6F07281A39BDA200AD0643 /* Classes */,
				7FE8F42B1A28F4C8003BFECF /* Makefile */,
				7F3100FA1A27943100328052 /* Study_Class_Main.cpp */,
				7F3101011A27948700328052 /* Test.cpp */,
				7F3101021A27948700328052 /* Test.h */,
			);
			path = Study_Class;
			sourceTree = "<group>";
		};
		7F6F07281A39BDA200AD0643 /* Classes */ = {
			isa = PBXGroup;
			children = (
				7F6F07411A39BDDF00AD0643 /* Access_Static_Member */,
				7F6F07291A39BDBB00AD0643 /* Class_Objects.cpp */,
				7F6F072A1A39BDBB00AD0643 /* Class_Objects.h */,
				7F6F072B1A39BDBB00AD0643 /* ConstRef.cpp */,
				7F6F072C1A39BDBB00AD0643 /* ConstRef.h */,
				7F6F072D1A39BDBB00AD0643 /* misc.cpp */,
				7F6F072E1A39BDBB00AD0643 /* misc.h */,
				7F6F072F1A39BDBB00AD0643 /* Record.cpp */,
				7F6F07301A39BDBB00AD0643 /* Record.h */,
				7F6F07311A39BDBB00AD0643 /* Sales_item.cpp */,
				7F6F07321A39BDBB00AD0643 /* Sales_item.h */,
				7F6F07331A39BDBB00AD0643 /* Screen.cpp */,
				7F6F07341A39BDBB00AD0643 /* Screen.h */,
				7F6F07351A39BDBB00AD0643 /* Test_Classes.cpp */,
				7F6F07361A39BDBB00AD0643 /* Test_Classes.h */,
				7F6F07371A39BDBB00AD0643 /* Window_Mgr.cpp */,
				7F6F07381A39BDBB00AD0643 /* Window_Mgr.h */,
			);
			name = Classes;
			sourceTree = "<group>";
		};
		7F6F07411A39BDDF00AD0643 /* Access_Static_Member */ = {
			isa = PBXGroup;
			children = (
				7F6F07421A39BDEF00AD0643 /* Access_Static_Member.cpp */,
				7F6F07431A39BDEF00AD0643 /* Access_Static_Member.h */,
				7F6F07441A39BDEF00AD0643 /* Static_Class_member.cpp */,
				7F6F07451A39BDEF00AD0643 /* Static_Class_Member.h */,
			);
			name = Access_Static_Member;
			sourceTree = "<group>";
		};
/* End PBXGroup section */

/* Begin PBXNativeTarget section */
		7F3100F61A27943100328052 /* Study_Class */ = {
			isa = PBXNativeTarget;
			buildConfigurationList = 7F3100FE1A27943100328052 /* Build configuration list for PBXNativeTarget "Study_Class" */;
			buildPhases = (
				7F3100F31A27943100328052 /* Sources */,
				7F3100F41A27943100328052 /* Frameworks */,
				7F3100F51A27943100328052 /* CopyFiles */,
			);
			buildRules = (
			);
			dependencies = (
			);
			name = Study_Class;
			productName = Study_Class;
			productReference = 7F3100F71A27943100328052 /* Study_Class */;
			productType = "com.apple.product-type.tool";
		};
/* End PBXNativeTarget section */

/* Begin PBXProject section */
		7F3100EF1A27943100328052 /* Project object */ = {
			isa = PBXProject;
			attributes = {
				LastUpgradeCheck = 0610;
				ORGANIZATIONNAME = "Xu Zan";
				TargetAttributes = {
					7F3100F61A27943100328052 = {
						CreatedOnToolsVersion = 6.1;
					};
				};
			};
			buildConfigurationList = 7F3100F21A27943100328052 /* Build configuration list for PBXProject "Study_Class" */;
			compatibilityVersion = "Xcode 3.2";
			developmentRegion = English;
			hasScannedForEncodings = 0;
			knownRegions = (
				en,
			);
			mainGroup = 7F3100EE1A27943100328052;
			productRefGroup = 7F3100F81A27943100328052 /* Products */;
			projectDirPath = "";
			projectRoot = "";
			targets = (
				7F3100F61A27943100328052 /* Study_Class */,
			);
		};
/* End PBXProject section */

/* Begin PBXSourcesBuildPhase section */
		7F3100F31A27943100328052 /* Sources */ = {
			isa = PBXSourcesBuildPhase;
			buildActionMask = 2147483647;
			files = (
				7F3100FB1A27943100328052 /* Study_Class_Main.cpp in Sources */,
				7F6F07461A39BDEF00AD0643 /* Access_Static_Member.cpp in Sources */,
				7F6F07391A39BDBB00AD0643 /* Class_Objects.cpp in Sources */,
				7F6F07401A39BDBB00AD0643 /* Window_Mgr.cpp in Sources */,
				7F6F073F1A39BDBB00AD0643 /* Test_Classes.cpp in Sources */,
				7F6F073A1A39BDBB00AD0643 /* ConstRef.cpp in Sources */,
				7F6F073C1A39BDBB00AD0643 /* Record.cpp in Sources */,
				7F3101031A27948700328052 /* Test.cpp in Sources */,
				7F6F073D1A39BDBB00AD0643 /* Sales_item.cpp in Sources */,
				7FE8F42C1A28F4C8003BFECF /* Makefile in Sources */,
				7F6F073B1A39BDBB00AD0643 /* misc.cpp in Sources */,
				7F6F073E1A39BDBB00AD0643 /* Screen.cpp in Sources */,
				7F6F07471A39BDEF00AD0643 /* Static_Class_member.cpp in Sources */,
			);
			runOnlyForDeploymentPostprocessing = 0;
		};
/* End PBXSourcesBuildPhase section */

/* Begin XCBuildConfiguration section */
		7F3100FC1A27943100328052 /* Debug */ = {
			isa = XCBuildConfiguration;
			buildSettings = {
				ALWAYS_SEARCH_USER_PATHS = NO;
				CLANG_CXX_LANGUAGE_STANDARD = "gnu++0x";
				CLANG_CXX_LIBRARY = "libc++";
				CLANG_ENABLE_MODULES = YES;
				CLANG_ENABLE_OBJC_ARC = YES;
				CLANG_WARN_BOOL_CONVERSION = YES;
				CLANG_WARN_CONSTANT_CONVERSION = YES;
				CLANG_WARN_DIRECT_OBJC_ISA_USAGE = YES_ERROR;
				CLANG_WARN_EMPTY_BODY = YES;
				CLANG_WARN_ENUM_CONVERSION = YES;
				CLANG_WARN_INT_CONVERSION = YES;
				CLANG_WARN_OBJC_ROOT_CLASS = YES_ERROR;
				CLANG_WARN_UNREACHABLE_CODE = YES;
				CLANG_WARN__DUPLICATE_METHOD_MATCH = YES;
				COPY_PHASE_STRIP = NO;
				ENABLE_STRICT_OBJC_MSGSEND = YES;
				GCC_C_LANGUAGE_STANDARD = gnu99;
				GCC_DYNAMIC_NO_PIC = NO;
				GCC_OPTIMIZATION_LEVEL = 0;
				GCC_PREPROCESSOR_DEFINITIONS = (
					"DEBUG=1",
					"$(inherited)",
				);
				GCC_SYMBOLS_PRIVATE_EXTERN = NO;
				GCC_WARN_64_TO_32_BIT_CONVERSION = YES;
				GCC_WARN_ABOUT_RETURN_TYPE = YES_ERROR;
				GCC_WARN_UNDECLARED_SELECTOR = YES;
				GCC_WARN_UNINITIALIZED_AUTOS = YES_AGGRESSIVE;
				GCC_WARN_UNUSED_FUNCTION = YES;
				GCC_WARN_UNUSED_VARIABLE = YES;
				MACOSX_DEPLOYMENT_TARGET = 10.10;
				MTL_ENABLE_DEBUG_INFO = YES;
				ONLY_ACTIVE_ARCH = YES;
				SDKROOT = macosx;
			};
			name = Debug;
		};
		7F3100FD1A27943100328052 /* Release */ = {
			isa = XCBuildConfiguration;
			buildSettings = {
				ALWAYS_SEARCH_USER_PATHS = NO;
				CLANG_CXX_LANGUAGE_STANDARD = "gnu++0x";
				CLANG_CXX_LIBRARY = "libc++";
				CLANG_ENABLE_MODULES = YES;
				CLANG_ENABLE_OBJC_ARC = YES;
				CLANG_WARN_BOOL_CONVERSION = YES;
				CLANG_WARN_CONSTANT_CONVERSION = YES;
				CLANG_WARN_DIRECT_OBJC_ISA_USAGE = YES_ERROR;
				CLANG_WARN_EMPTY_BODY = YES;
				CLANG_WARN_ENUM_CONVERSION = YES;
				CLANG_WARN_INT_CONVERSION = YES;
				CLANG_WARN_OBJC_ROOT_CLASS = YES_ERROR;
				CLANG_WARN_UNREACHABLE_CODE = YES;
				CLANG_WARN__DUPLICATE_METHOD_MATCH = YES;
				COPY_PHASE_STRIP = YES;
				DEBUG_INFORMATION_FORMAT = "dwarf-with-dsym";
				ENABLE_NS_ASSERTIONS = NO;
				ENABLE_STRICT_OBJC_MSGSEND = YES;
				GCC_C_LANGUAGE_STANDARD = gnu99;
				GCC_WARN_64_TO_32_BIT_CONVERSION = YES;
				GCC_WARN_ABOUT_RETURN_TYPE = YES_ERROR;
				GCC_WARN_UNDECLARED_SELECTOR = YES;
				GCC_WARN_UNINITIALIZED_AUTOS = YES_AGGRESSIVE;
				GCC_WARN_UNUSED_FUNCTION = YES;
				GCC_WARN_UNUSED_VARIABLE = YES;
				MACOSX_DEPLOYMENT_TARGET = 10.10;
				MTL_ENABLE_DEBUG_INFO = NO;
				SDKROOT = macosx;
			};
			name = Release;
		};
		7F3100FF1A27943100328052 /* Debug */ = {
			isa = XCBuildConfiguration;
			buildSettings = {
				PRODUCT_NAME = "$(TARGET_NAME)";
			};
			name = Debug;
		};
		7F3101001A27943100328052 /* Release */ = {
			isa = XCBuildConfiguration;
			buildSettings = {
				PRODUCT_NAME = "$(TARGET_NAME)";
			};
			name = Release;
		};
/* End XCBuildConfiguration section */

/* Begin XCConfigurationList section */
		7F3100F21A27943100328052 /* Build configuration list for PBXProject "Study_Class" */ = {
			isa = XCConfigurationList;
			buildConfigurations = (
				7F3100FC1A27943100328052 /* Debug */,
				7F3100FD1A27943100328052 /* Release */,
			);
			defaultConfigurationIsVisible = 0;
			defaultConfigurationName = Release;
		};
		7F3100FE1A27943100328052 /* Build configuration list for PBXNativeTarget "Study_Class" */ = {
			isa = XCConfigurationList;
			buildConfigurations = (
				7F3100FF1A27943100328052 /* Debug */,
				7F3101001A27943100328052 /* Release */,
			);
			defaultConfigurationIsVisible = 0;
			defaultConfigurationName = Release;
		};
/* End XCConfigurationList section */
	};
	rootObject = 7F3100EF1A27943100328052 /* Project object */;
}
